
Microsoft Visual Studio Solution File, Format Version 12.00
# Visual Studio 14
VisualStudioVersion = 14.0.25420.1
MinimumVisualStudioVersion = 10.0.40219.1
Project("{FAE04EC0-301F-11D3-BF4B-00C04F79EFBC}") = "WinstonChurchill.UI", "UI\WinstonChurchill.UI.csproj", "{1D9F4258-6470-4B1A-91F6-124DE7E7DEC4}"
EndProject
Project("{FAE04EC0-301F-11D3-BF4B-00C04F79EFBC}") = "WinstonChurchill.Backend", "Backend\WinstonChurchill.Backend.csproj", "{488F62E7-2B52-4EC6-A148-D71A4DEAD421}"
EndProject
Project("{FAE04EC0-301F-11D3-BF4B-00C04F79EFBC}") = "WinstonChurchill.API", "API\WinstonChurchill.API.csproj", "{B98613CA-646B-47E6-A707-2812D0408000}"
EndProject
Project("{FAE04EC0-301F-11D3-BF4B-00C04F79EFBC}") = "WinstonChurchill.API.Common", "API.Commom\WinstonChurchill.API.Common.csproj", "{30A8DD59-9C44-4D2B-AD76-CF64EA08FB1A}"
EndProject
Global
	GlobalSection(SolutionConfigurationPlatforms) = preSolution
		Debug|Any CPU = Debug|Any CPU
		LocalOffLine|Any CPU = LocalOffLine|Any CPU
		Release|Any CPU = Release|Any CPU
	EndGlobalSection
	GlobalSection(ProjectConfigurationPlatforms) = postSolution
		{1D9F4258-6470-4B1A-91F6-124DE7E7DEC4}.Debug|Any CPU.ActiveCfg = Debug|Any CPU
		{1D9F4258-6470-4B1A-91F6-124DE7E7DEC4}.Debug|Any CPU.Build.0 = Debug|Any CPU
		{1D9F4258-6470-4B1A-91F6-124DE7E7DEC4}.LocalOffLine|Any CPU.ActiveCfg = Release|Any CPU
		{1D9F4258-6470-4B1A-91F6-124DE7E7DEC4}.LocalOffLine|Any CPU.Build.0 = Release|Any CPU
		{1D9F4258-6470-4B1A-91F6-124DE7E7DEC4}.Release|Any CPU.ActiveCfg = Release|Any CPU
		{1D9F4258-6470-4B1A-91F6-124DE7E7DEC4}.Release|Any CPU.Build.0 = Release|Any CPU
		{488F62E7-2B52-4EC6-A148-D71A4DEAD421}.Debug|Any CPU.ActiveCfg = Debug|Any CPU
		{488F62E7-2B52-4EC6-A148-D71A4DEAD421}.Debug|Any CPU.Build.0 = Debug|Any CPU
		{488F62E7-2B52-4EC6-A148-D71A4DEAD421}.LocalOffLine|Any CPU.ActiveCfg = Release|Any CPU
		{488F62E7-2B52-4EC6-A148-D71A4DEAD421}.LocalOffLine|Any CPU.Build.0 = Release|Any CPU
		{488F62E7-2B52-4EC6-A148-D71A4DEAD421}.Release|Any CPU.ActiveCfg = Release|Any CPU
		{488F62E7-2B52-4EC6-A148-D71A4DEAD421}.Release|Any CPU.Build.0 = Release|Any CPU
		{B98613CA-646B-47E6-A707-2812D0408000}.Debug|Any CPU.ActiveCfg = Debug|Any CPU
		{B98613CA-646B-47E6-A707-2812D0408000}.Debug|Any CPU.Build.0 = Debug|Any CPU
		{B98613CA-646B-47E6-A707-2812D0408000}.LocalOffLine|Any CPU.ActiveCfg = Release|Any CPU
		{B98613CA-646B-47E6-A707-2812D0408000}.LocalOffLine|Any CPU.Build.0 = Release|Any CPU
		{B98613CA-646B-47E6-A707-2812D0408000}.Release|Any CPU.ActiveCfg = Release|Any CPU
		{B98613CA-646B-47E6-A707-2812D0408000}.Release|Any CPU.Build.0 = Release|Any CPU
		{30A8DD59-9C44-4D2B-AD76-CF64EA08FB1A}.Debug|Any CPU.ActiveCfg = Debug|Any CPU
		{30A8DD59-9C44-4D2B-AD76-CF64EA08FB1A}.Debug|Any CPU.Build.0 = Debug|Any CPU
		{30A8DD59-9C44-4D2B-AD76-CF64EA08FB1A}.LocalOffLine|Any CPU.ActiveCfg = LocalOffLine|Any CPU
		{30A8DD59-9C44-4D2B-AD76-CF64EA08FB1A}.LocalOffLine|Any CPU.Build.0 = LocalOffLine|Any CPU
		{30A8DD59-9C44-4D2B-AD76-CF64EA08FB1A}.Release|Any CPU.ActiveCfg = Release|Any CPU
		{30A8DD59-9C44-4D2B-AD76-CF64EA08FB1A}.Release|Any CPU.Build.0 = Release|Any CPU
	EndGlobalSection
	GlobalSection(SolutionProperties) = preSolution
		HideSolutionNode = FALSE
	EndGlobalSection
EndGlobal
