
Microsoft Visual Studio Solution File, Format Version 12.00
# Visual Studio 2013
VisualStudioVersion = 12.0.31101.0
MinimumVisualStudioVersion = 10.0.40219.1
Project("{FAE04EC0-301F-11D3-BF4B-00C04F79EFBC}") = "IHARA.WebApi.Common", "IHARA.WebApi.Common.csproj", "{30A8DD59-9C44-4D2B-AD76-CF64EA08FB1A}"
EndProject
Global
	GlobalSection(SolutionConfigurationPlatforms) = preSolution
		Debug|Any CPU = Debug|Any CPU
		LocalOffLine|Any CPU = LocalOffLine|Any CPU
		Release|Any CPU = Release|Any CPU
	EndGlobalSection
	GlobalSection(ProjectConfigurationPlatforms) = postSolution
		{30A8DD59-9C44-4D2B-AD76-CF64EA08FB1A}.Debug|Any CPU.ActiveCfg = Debug|Any CPU
		{30A8DD59-9C44-4D2B-AD76-CF64EA08FB1A}.Debug|Any CPU.Build.0 = Debug|Any CPU
		{30A8DD59-9C44-4D2B-AD76-CF64EA08FB1A}.LocalOffLine|Any CPU.ActiveCfg = LocalOffLine|Any CPU
		{30A8DD59-9C44-4D2B-AD76-CF64EA08FB1A}.LocalOffLine|Any CPU.Build.0 = LocalOffLine|Any CPU
		{30A8DD59-9C44-4D2B-AD76-CF64EA08FB1A}.Release|Any CPU.ActiveCfg = Release|Any CPU
		{30A8DD59-9C44-4D2B-AD76-CF64EA08FB1A}.Release|Any CPU.Build.0 = Release|Any CPU
	EndGlobalSection
	GlobalSection(SolutionProperties) = preSolution
		HideSolutionNode = FALSE
	EndGlobalSection
EndGlobal
